
Microsoft Visual Studio Solution File, Format Version 11.00
# Visual Studio 2010
Project("{FAE04EC0-301F-11D3-BF4B-00C04F79EFBC}") = "Assembly-CSharp", "Assembly-CSharp.csproj", "{094C5E05-DC00-1772-CE67-73F6A687ECF3}"
EndProject
Project("{FAE04EC0-301F-11D3-BF4B-00C04F79EFBC}") = "Assembly-CSharp-Editor", "Assembly-CSharp-Editor.csproj", "{1FC8FA55-423B-6FA3-D624-9C4D0F59E7AE}"
EndProject
Global
	GlobalSection(SolutionConfigurationPlatforms) = preSolution
		Debug|Any CPU = Debug|Any CPU
		Release|Any CPU = Release|Any CPU
	EndGlobalSection
	GlobalSection(ProjectConfigurationPlatforms) = postSolution
		{094C5E05-DC00-1772-CE67-73F6A687ECF3}.Debug|Any CPU.ActiveCfg = Debug|Any CPU
		{094C5E05-DC00-1772-CE67-73F6A687ECF3}.Debug|Any CPU.Build.0 = Debug|Any CPU
		{094C5E05-DC00-1772-CE67-73F6A687ECF3}.Release|Any CPU.ActiveCfg = Release|Any CPU
		{094C5E05-DC00-1772-CE67-73F6A687ECF3}.Release|Any CPU.Build.0 = Release|Any CPU
		{1FC8FA55-423B-6FA3-D624-9C4D0F59E7AE}.Debug|Any CPU.ActiveCfg = Debug|Any CPU
		{1FC8FA55-423B-6FA3-D624-9C4D0F59E7AE}.Debug|Any CPU.Build.0 = Debug|Any CPU
		{1FC8FA55-423B-6FA3-D624-9C4D0F59E7AE}.Release|Any CPU.ActiveCfg = Release|Any CPU
		{1FC8FA55-423B-6FA3-D624-9C4D0F59E7AE}.Release|Any CPU.Build.0 = Release|Any CPU
	EndGlobalSection
	GlobalSection(SolutionProperties) = preSolution
		HideSolutionNode = FALSE
	EndGlobalSection
EndGlobal
