
Microsoft Visual Studio Solution File, Format Version 12.00
# Visual Studio 15
Project("{FAE04EC0-301F-11D3-BF4B-00C04F79EFBC}") = "FMODUnityResonance", "FMODUnityResonance.csproj", "{F910FE05-6B1B-07B5-96B2-3873E6FC0601}"
EndProject
Project("{FAE04EC0-301F-11D3-BF4B-00C04F79EFBC}") = "FMODUnity", "FMODUnity.csproj", "{9AD87D2A-1330-6AE4-A6D9-41CE8E020C23}"
EndProject
Project("{FAE04EC0-301F-11D3-BF4B-00C04F79EFBC}") = "Assembly-CSharp", "Assembly-CSharp.csproj", "{094C5E05-DC00-1772-CE67-73F6A687ECF3}"
EndProject
Project("{FAE04EC0-301F-11D3-BF4B-00C04F79EFBC}") = "FMODUnityEditor", "FMODUnityEditor.csproj", "{E371F61F-B896-72BB-E087-C6519E64C185}"
EndProject
Project("{FAE04EC0-301F-11D3-BF4B-00C04F79EFBC}") = "FMODUnityResonanceEditor", "FMODUnityResonanceEditor.csproj", "{20E818A2-E6FF-937B-C0B2-C65EB2DCBBA7}"
EndProject
Project("{FAE04EC0-301F-11D3-BF4B-00C04F79EFBC}") = "Assembly-CSharp-Editor", "Assembly-CSharp-Editor.csproj", "{1FC8FA55-423B-6FA3-D624-9C4D0F59E7AE}"
EndProject
Global
	GlobalSection(SolutionConfigurationPlatforms) = preSolution
		Debug|Any CPU = Debug|Any CPU
		Release|Any CPU = Release|Any CPU
	EndGlobalSection
	GlobalSection(ProjectConfigurationPlatforms) = postSolution
		{F910FE05-6B1B-07B5-96B2-3873E6FC0601}.Debug|Any CPU.ActiveCfg = Debug|Any CPU
		{F910FE05-6B1B-07B5-96B2-3873E6FC0601}.Debug|Any CPU.Build.0 = Debug|Any CPU
		{F910FE05-6B1B-07B5-96B2-3873E6FC0601}.Release|Any CPU.ActiveCfg = Release|Any CPU
		{F910FE05-6B1B-07B5-96B2-3873E6FC0601}.Release|Any CPU.Build.0 = Release|Any CPU
		{9AD87D2A-1330-6AE4-A6D9-41CE8E020C23}.Debug|Any CPU.ActiveCfg = Debug|Any CPU
		{9AD87D2A-1330-6AE4-A6D9-41CE8E020C23}.Debug|Any CPU.Build.0 = Debug|Any CPU
		{9AD87D2A-1330-6AE4-A6D9-41CE8E020C23}.Release|Any CPU.ActiveCfg = Release|Any CPU
		{9AD87D2A-1330-6AE4-A6D9-41CE8E020C23}.Release|Any CPU.Build.0 = Release|Any CPU
		{094C5E05-DC00-1772-CE67-73F6A687ECF3}.Debug|Any CPU.ActiveCfg = Debug|Any CPU
		{094C5E05-DC00-1772-CE67-73F6A687ECF3}.Debug|Any CPU.Build.0 = Debug|Any CPU
		{094C5E05-DC00-1772-CE67-73F6A687ECF3}.Release|Any CPU.ActiveCfg = Release|Any CPU
		{094C5E05-DC00-1772-CE67-73F6A687ECF3}.Release|Any CPU.Build.0 = Release|Any CPU
		{E371F61F-B896-72BB-E087-C6519E64C185}.Debug|Any CPU.ActiveCfg = Debug|Any CPU
		{E371F61F-B896-72BB-E087-C6519E64C185}.Debug|Any CPU.Build.0 = Debug|Any CPU
		{E371F61F-B896-72BB-E087-C6519E64C185}.Release|Any CPU.ActiveCfg = Release|Any CPU
		{E371F61F-B896-72BB-E087-C6519E64C185}.Release|Any CPU.Build.0 = Release|Any CPU
		{20E818A2-E6FF-937B-C0B2-C65EB2DCBBA7}.Debug|Any CPU.ActiveCfg = Debug|Any CPU
		{20E818A2-E6FF-937B-C0B2-C65EB2DCBBA7}.Debug|Any CPU.Build.0 = Debug|Any CPU
		{20E818A2-E6FF-937B-C0B2-C65EB2DCBBA7}.Release|Any CPU.ActiveCfg = Release|Any CPU
		{20E818A2-E6FF-937B-C0B2-C65EB2DCBBA7}.Release|Any CPU.Build.0 = Release|Any CPU
		{1FC8FA55-423B-6FA3-D624-9C4D0F59E7AE}.Debug|Any CPU.ActiveCfg = Debug|Any CPU
		{1FC8FA55-423B-6FA3-D624-9C4D0F59E7AE}.Debug|Any CPU.Build.0 = Debug|Any CPU
		{1FC8FA55-423B-6FA3-D624-9C4D0F59E7AE}.Release|Any CPU.ActiveCfg = Release|Any CPU
		{1FC8FA55-423B-6FA3-D624-9C4D0F59E7AE}.Release|Any CPU.Build.0 = Release|Any CPU
	EndGlobalSection
	GlobalSection(SolutionProperties) = preSolution
		HideSolutionNode = FALSE
	EndGlobalSection
EndGlobal
