
Microsoft Visual Studio Solution File, Format Version 12.00
# Visual Studio 15
VisualStudioVersion = 15.0.27428.2027
MinimumVisualStudioVersion = 10.0.40219.1
Project("{FAE04EC0-301F-11D3-BF4B-00C04F79EFBC}") = "Assembly-CSharp", "Assembly-CSharp.csproj", "{873614EE-742A-51B8-17AB-43CD63BED3CA}"
EndProject
Project("{FAE04EC0-301F-11D3-BF4B-00C04F79EFBC}") = "Assembly-CSharp-Editor", "Assembly-CSharp-Editor.csproj", "{315DBE55-EBB9-660B-E7DE-057396A6CEEF}"
EndProject
Global
	GlobalSection(SolutionConfigurationPlatforms) = preSolution
		Debug|Any CPU = Debug|Any CPU
		Release|Any CPU = Release|Any CPU
	EndGlobalSection
	GlobalSection(ProjectConfigurationPlatforms) = postSolution
		{873614EE-742A-51B8-17AB-43CD63BED3CA}.Debug|Any CPU.ActiveCfg = Debug|Any CPU
		{873614EE-742A-51B8-17AB-43CD63BED3CA}.Debug|Any CPU.Build.0 = Debug|Any CPU
		{873614EE-742A-51B8-17AB-43CD63BED3CA}.Release|Any CPU.ActiveCfg = Release|Any CPU
		{873614EE-742A-51B8-17AB-43CD63BED3CA}.Release|Any CPU.Build.0 = Release|Any CPU
		{315DBE55-EBB9-660B-E7DE-057396A6CEEF}.Debug|Any CPU.ActiveCfg = Debug|Any CPU
		{315DBE55-EBB9-660B-E7DE-057396A6CEEF}.Debug|Any CPU.Build.0 = Debug|Any CPU
		{315DBE55-EBB9-660B-E7DE-057396A6CEEF}.Release|Any CPU.ActiveCfg = Release|Any CPU
		{315DBE55-EBB9-660B-E7DE-057396A6CEEF}.Release|Any CPU.Build.0 = Release|Any CPU
	EndGlobalSection
	GlobalSection(SolutionProperties) = preSolution
		HideSolutionNode = FALSE
	EndGlobalSection
	GlobalSection(ExtensibilityGlobals) = postSolution
		SolutionGuid = {8EE33A9D-350F-4FEE-8E6D-20C80CE69C35}
	EndGlobalSection
EndGlobal
